
Microsoft Visual Studio Solution File, Format Version 12.00
# Visual Studio Version 16
VisualStudioVersion = 16.0.29519.161
MinimumVisualStudioVersion = 10.0.40219.1
Project("{8BC9CEB8-8B4A-11D0-8D11-00A0C91BC942}") = "Sandbox", "Sandbox\Sandbox.vcxproj", "{E3E01E62-C0C1-47FE-8B38-98F6A856B9C9}"
EndProject
Project("{8BC9CEB8-8B4A-11D0-8D11-00A0C91BC942}") = "Maple", "Maple\Maple.vcxproj", "{2D5627ED-9564-4685-9297-91CEA83C9A87}"
EndProject
Project("{8BC9CEB8-8B4A-11D0-8D11-00A0C91BC942}") = "GLFW", "GLFW\GLFW.vcxproj", "{46EC8D7B-7ABF-4D94-83BB-03799BDF23B5}"
EndProject
Global
	GlobalSection(SolutionConfigurationPlatforms) = preSolution
		Debug|x64 = Debug|x64
		Debug|x86 = Debug|x86
		Release|x64 = Release|x64
		Release|x86 = Release|x86
	EndGlobalSection
	GlobalSection(ProjectConfigurationPlatforms) = postSolution
		{E3E01E62-C0C1-47FE-8B38-98F6A856B9C9}.Debug|x64.ActiveCfg = Debug|x64
		{E3E01E62-C0C1-47FE-8B38-98F6A856B9C9}.Debug|x64.Build.0 = Debug|x64
		{E3E01E62-C0C1-47FE-8B38-98F6A856B9C9}.Debug|x86.ActiveCfg = Debug|x64
		{E3E01E62-C0C1-47FE-8B38-98F6A856B9C9}.Release|x64.ActiveCfg = Release|x64
		{E3E01E62-C0C1-47FE-8B38-98F6A856B9C9}.Release|x64.Build.0 = Release|x64
		{E3E01E62-C0C1-47FE-8B38-98F6A856B9C9}.Release|x86.ActiveCfg = Release|x64
		{2D5627ED-9564-4685-9297-91CEA83C9A87}.Debug|x64.ActiveCfg = Debug|x64
		{2D5627ED-9564-4685-9297-91CEA83C9A87}.Debug|x64.Build.0 = Debug|x64
		{2D5627ED-9564-4685-9297-91CEA83C9A87}.Debug|x86.ActiveCfg = Debug|x64
		{2D5627ED-9564-4685-9297-91CEA83C9A87}.Release|x64.ActiveCfg = Release|x64
		{2D5627ED-9564-4685-9297-91CEA83C9A87}.Release|x64.Build.0 = Release|x64
		{2D5627ED-9564-4685-9297-91CEA83C9A87}.Release|x86.ActiveCfg = Release|x64
		{46EC8D7B-7ABF-4D94-83BB-03799BDF23B5}.Debug|x64.ActiveCfg = Debug|x64
		{46EC8D7B-7ABF-4D94-83BB-03799BDF23B5}.Debug|x64.Build.0 = Debug|x64
		{46EC8D7B-7ABF-4D94-83BB-03799BDF23B5}.Debug|x86.ActiveCfg = Debug|Win32
		{46EC8D7B-7ABF-4D94-83BB-03799BDF23B5}.Debug|x86.Build.0 = Debug|Win32
		{46EC8D7B-7ABF-4D94-83BB-03799BDF23B5}.Release|x64.ActiveCfg = Release|x64
		{46EC8D7B-7ABF-4D94-83BB-03799BDF23B5}.Release|x64.Build.0 = Release|x64
		{46EC8D7B-7ABF-4D94-83BB-03799BDF23B5}.Release|x86.ActiveCfg = Release|Win32
		{46EC8D7B-7ABF-4D94-83BB-03799BDF23B5}.Release|x86.Build.0 = Release|Win32
	EndGlobalSection
	GlobalSection(SolutionProperties) = preSolution
		HideSolutionNode = FALSE
	EndGlobalSection
	GlobalSection(ExtensibilityGlobals) = postSolution
		SolutionGuid = {8691E79D-E21F-41E3-AA07-0F3881990E87}
	EndGlobalSection
EndGlobal
